
Microsoft Visual Studio Solution File, Format Version 12.00
# Visual Studio Version 16
VisualStudioVersion = 16.0.32106.194
MinimumVisualStudioVersion = 10.0.40219.1
Project("{FAE04EC0-301F-11D3-BF4B-00C04F79EFBC}") = "covidView", "covidView\covidView.csproj", "{DC7B2290-AAFB-44CE-8515-C7CA528D7ECF}"
EndProject
Global
	GlobalSection(SolutionConfigurationPlatforms) = preSolution
		Debug|Any CPU = Debug|Any CPU
		Release|Any CPU = Release|Any CPU
	EndGlobalSection
	GlobalSection(ProjectConfigurationPlatforms) = postSolution
		{DC7B2290-AAFB-44CE-8515-C7CA528D7ECF}.Debug|Any CPU.ActiveCfg = Debug|Any CPU
		{DC7B2290-AAFB-44CE-8515-C7CA528D7ECF}.Debug|Any CPU.Build.0 = Debug|Any CPU
		{DC7B2290-AAFB-44CE-8515-C7CA528D7ECF}.Release|Any CPU.ActiveCfg = Release|Any CPU
		{DC7B2290-AAFB-44CE-8515-C7CA528D7ECF}.Release|Any CPU.Build.0 = Release|Any CPU
	EndGlobalSection
	GlobalSection(SolutionProperties) = preSolution
		HideSolutionNode = FALSE
	EndGlobalSection
	GlobalSection(ExtensibilityGlobals) = postSolution
		SolutionGuid = {26E662A2-C4D6-450B-8A88-3008FF1D7E03}
	EndGlobalSection
EndGlobal
